// !$*UTF8*$!
{
	archiveVersion = 1;
	classes = {
	};
	objectVersion = 54;
	objects = {

/* Begin PBXBuildFile section */
		13B07FBF1A68108700A75B9A /* Images.xcassets in Resources */ = {isa = PBXBuildFile; fileRef = 13B07FB51A68108700A75B9A /* Images.xcassets */; };
		2C0A630403A24FB2A5669D42 /* PrivacyInfo.xcprivacy in Resources */ = {isa = PBXBuildFile; fileRef = 6235A4512F954221BAEE5FB2 /* PrivacyInfo.xcprivacy */; };
		312DFCD785436BF4D45D2765 /* PrivacyInfo.xcprivacy in Resources */ = {isa = PBXBuildFile; fileRef = 6235A4512F954221BAEE5FB2 /* PrivacyInfo.xcprivacy */; };
		36B30B98690E4614A5D19161 /* ShareExtensionPreprocessor.js in Resources */ = {isa = PBXBuildFile; fileRef = 3CA97EA8BD334900BD5A7EDF /* ShareExtensionPreprocessor.js */; };
		3E461D99554A48A4959DE609 /* SplashScreen.storyboard in Resources */ = {isa = PBXBuildFile; fileRef = AA286B85B6C04FC6940260E9 /* SplashScreen.storyboard */; };
		473D2E9A88E349F88BC9D616 /* ShareViewController.swift in Sources */ = {isa = PBXBuildFile; fileRef = 91FED6E047654E9BA298F99C /* ShareViewController.swift */; };
		A3E8964AF81A43F1BEEB97E5 /* ShareExtension.appex in Copy Files */ = {isa = PBXBuildFile; fileRef = B674B1E3AFD9412DBA105D80 /* ShareExtension.appex */; };
		AC391543B38968CC9FD1DA0F /* libPods-Bayaan.a in Frameworks */ = {isa = PBXBuildFile; fileRef = D2761034759DDE2471699C0C /* libPods-Bayaan.a */; };
		BB170965D90948F5AE38A5B1 /* MainInterface.storyboard in Resources */ = {isa = PBXBuildFile; fileRef = 08676E8EA490481A84A5E811 /* MainInterface.storyboard */; };
		BB2F792D24A3F905000567C9 /* Expo.plist in Resources */ = {isa = PBXBuildFile; fileRef = BB2F792C24A3F905000567C9 /* Expo.plist */; };
		EBCCAF53388426B59365802A /* ExpoModulesProvider.swift in Sources */ = {isa = PBXBuildFile; fileRef = 1A80EB146942F9EBA147653E /* ExpoModulesProvider.swift */; };
		F11748422D0307B40044C1D9 /* AppDelegate.swift in Sources */ = {isa = PBXBuildFile; fileRef = F11748412D0307B40044C1D9 /* AppDelegate.swift */; };
		2E47EFA9ED994A099C49C15A /* NowPlaying.swift in Sources */ = {isa = PBXBuildFile; fileRef = D780BCC4111846939C4E8CB5 /* NowPlaying.swift */; };
		331C12D725CC60F00CA969BF /* ExpoModulesProvider.swift in Sources */ = {isa = PBXBuildFile; fileRef = EA626DF967ED72C782A26C1F /* ExpoModulesProvider.swift */; };
		73130CD9D03C40D2B161F6E1 /* AyahOfTheDay.swift in Sources */ = {isa = PBXBuildFile; fileRef = 882C7A29C6BC47ACB31C5C3A /* AyahOfTheDay.swift */; };
		7509202A6F354F2382BF8B39 /* index.swift in Sources */ = {isa = PBXBuildFile; fileRef = D9AC88E12D224D43877EF807 /* index.swift */; };
		9D2C6936C16444F0891F23A9 /* ExpoWidgetsTarget.appex in Embed Foundation Extensions */ = {isa = PBXBuildFile; fileRef = 43474006604749FFBEDB9955 /* ExpoWidgetsTarget.appex */; };
		A1B2C3D4E5F64A01AAAA0001 /* LastRead.swift in Sources */ = {isa = PBXBuildFile; fileRef = A1B2C3D4E5F64A01BBBB0001 /* LastRead.swift */; };
		A1B2C3D4E5F64A01AAAA0003 /* ListeningStats.swift in Sources */ = {isa = PBXBuildFile; fileRef = A1B2C3D4E5F64A01BBBB0003 /* ListeningStats.swift */; };
		A1B2C3D4E5F64A01AAAA0004 /* Favorites.swift in Sources */ = {isa = PBXBuildFile; fileRef = A1B2C3D4E5F64A01BBBB0004 /* Favorites.swift */; };
		C1F72412C1883E49DDA935A0 /* libPods-ExpoWidgetsTarget.a in Frameworks */ = {isa = PBXBuildFile; fileRef = 2CC4A66C4F9B29EB5F95F3F5 /* libPods-ExpoWidgetsTarget.a */; };
/* End PBXBuildFile section */

/* Begin PBXContainerItemProxy section */
		DE6CDC817A4B4EFD829B60C8 /* PBXContainerItemProxy */ = {
			isa = PBXContainerItemProxy;
			containerPortal = 83CBB9F71A601CBA00E9B192 /* Project object */;
			proxyType = 1;
			remoteGlobalIDString = 63B7AD14D53E40DDBCBDDCFB;
			remoteInfo = ShareExtension;
		};
		FEBCE89F3E4740E6BBFD5351 /* PBXContainerItemProxy */ = {
			isa = PBXContainerItemProxy;
			containerPortal = 83CBB9F71A601CBA00E9B192 /* Project object */;
			proxyType = 1;
			remoteGlobalIDString = 78CADDCB9F9644469F6EDB8D;
			remoteInfo = ExpoWidgetsTarget;
		};
/* End PBXContainerItemProxy section */

/* Begin PBXCopyFilesBuildPhase section */
		3355BF13824D4BD48273BA57 /* Copy Files */ = {
			isa = PBXCopyFilesBuildPhase;
			buildActionMask = 2147483647;
			dstPath = "";
			dstSubfolderSpec = 13;
			files = (
				A3E8964AF81A43F1BEEB97E5 /* ShareExtension.appex in Copy Files */,
			);
			name = "Copy Files";
			runOnlyForDeploymentPostprocessing = 0;
		};
		F1B4BF45BF5148EDA0417505 /* Embed Foundation Extensions */ = {
			isa = PBXCopyFilesBuildPhase;
			buildActionMask = 2147483647;
			dstPath = "";
			dstSubfolderSpec = 13;
			files = (
				9D2C6936C16444F0891F23A9 /* ExpoWidgetsTarget.appex in Embed Foundation Extensions */,
			);
			name = "Embed Foundation Extensions";
			runOnlyForDeploymentPostprocessing = 0;
		};
/* End PBXCopyFilesBuildPhase section */

/* Begin PBXFileReference section */
		08676E8EA490481A84A5E811 /* MainInterface.storyboard */ = {isa = PBXFileReference; explicitFileType = undefined; fileEncoding = undefined; includeInIndex = 0; lastKnownFileType = unknown; name = MainInterface.storyboard; path = MainInterface.storyboard; sourceTree = "<group>"; };
		13B07F961A680F5B00A75B9A /* Bayaan.app */ = {isa = PBXFileReference; explicitFileType = wrapper.application; includeInIndex = 0; path = Bayaan.app; sourceTree = BUILT_PRODUCTS_DIR; };
		13B07FB51A68108700A75B9A /* Images.xcassets */ = {isa = PBXFileReference; lastKnownFileType = folder.assetcatalog; name = Images.xcassets; path = Bayaan/Images.xcassets; sourceTree = "<group>"; };
		13B07FB61A68108700A75B9A /* Info.plist */ = {isa = PBXFileReference; fileEncoding = 4; lastKnownFileType = text.plist.xml; name = Info.plist; path = Bayaan/Info.plist; sourceTree = "<group>"; };
		1A80EB146942F9EBA147653E /* ExpoModulesProvider.swift */ = {isa = PBXFileReference; includeInIndex = 1; lastKnownFileType = sourcecode.swift; name = ExpoModulesProvider.swift; path = "Pods/Target Support Files/Pods-Bayaan/ExpoModulesProvider.swift"; sourceTree = "<group>"; };
		3CA97EA8BD334900BD5A7EDF /* ShareExtensionPreprocessor.js */ = {isa = PBXFileReference; explicitFileType = undefined; fileEncoding = undefined; includeInIndex = 0; lastKnownFileType = unknown; name = ShareExtensionPreprocessor.js; path = ShareExtensionPreprocessor.js; sourceTree = "<group>"; };
		452A863BBDF94B81A15693EF /* ShareExtension-Info.plist */ = {isa = PBXFileReference; explicitFileType = undefined; fileEncoding = 4; includeInIndex = 0; lastKnownFileType = text.plist.xml; name = "ShareExtension-Info.plist"; path = "ShareExtension-Info.plist"; sourceTree = "<group>"; };
		6235A4512F954221BAEE5FB2 /* PrivacyInfo.xcprivacy */ = {isa = PBXFileReference; explicitFileType = undefined; fileEncoding = undefined; includeInIndex = 0; lastKnownFileType = unknown; name = PrivacyInfo.xcprivacy; path = PrivacyInfo.xcprivacy; sourceTree = "<group>"; };
		76FB5558E40F32C9BD282821 /* Pods-Bayaan.release.xcconfig */ = {isa = PBXFileReference; includeInIndex = 1; lastKnownFileType = text.xcconfig; name = "Pods-Bayaan.release.xcconfig"; path = "Target Support Files/Pods-Bayaan/Pods-Bayaan.release.xcconfig"; sourceTree = "<group>"; };
		7D3463C1A2A64387BE58A214 /* ShareExtension.entitlements */ = {isa = PBXFileReference; explicitFileType = undefined; fileEncoding = undefined; includeInIndex = 0; lastKnownFileType = unknown; name = ShareExtension.entitlements; path = ShareExtension.entitlements; sourceTree = "<group>"; };
		91FED6E047654E9BA298F99C /* ShareViewController.swift */ = {isa = PBXFileReference; explicitFileType = undefined; fileEncoding = 4; includeInIndex = 0; lastKnownFileType = sourcecode.swift; name = ShareViewController.swift; path = ShareViewController.swift; sourceTree = "<group>"; };
		AA286B85B6C04FC6940260E9 /* SplashScreen.storyboard */ = {isa = PBXFileReference; fileEncoding = 4; lastKnownFileType = file.storyboard; name = SplashScreen.storyboard; path = Bayaan/SplashScreen.storyboard; sourceTree = "<group>"; };
		B674B1E3AFD9412DBA105D80 /* ShareExtension.appex */ = {isa = PBXFileReference; explicitFileType = "wrapper.app-extension"; fileEncoding = undefined; includeInIndex = 0; lastKnownFileType = undefined; name = ShareExtension.appex; path = ShareExtension.appex; sourceTree = BUILT_PRODUCTS_DIR; };
		BB2F792C24A3F905000567C9 /* Expo.plist */ = {isa = PBXFileReference; fileEncoding = 4; lastKnownFileType = text.plist.xml; path = Expo.plist; sourceTree = "<group>"; };
		D2761034759DDE2471699C0C /* libPods-Bayaan.a */ = {isa = PBXFileReference; explicitFileType = archive.ar; includeInIndex = 0; path = "libPods-Bayaan.a"; sourceTree = BUILT_PRODUCTS_DIR; };
		ED297162215061F000B7C4FE /* JavaScriptCore.framework */ = {isa = PBXFileReference; lastKnownFileType = wrapper.framework; name = JavaScriptCore.framework; path = System/Library/Frameworks/JavaScriptCore.framework; sourceTree = SDKROOT; };
		F11748412D0307B40044C1D9 /* AppDelegate.swift */ = {isa = PBXFileReference; lastKnownFileType = sourcecode.swift; name = AppDelegate.swift; path = Bayaan/AppDelegate.swift; sourceTree = "<group>"; };
		F11748442D0722820044C1D9 /* Bayaan-Bridging-Header.h */ = {isa = PBXFileReference; lastKnownFileType = sourcecode.c.h; name = "Bayaan-Bridging-Header.h"; path = "Bayaan/Bayaan-Bridging-Header.h"; sourceTree = "<group>"; };
		FA31D73A80470CE01CAD8763 /* Pods-Bayaan.debug.xcconfig */ = {isa = PBXFileReference; includeInIndex = 1; lastKnownFileType = text.xcconfig; name = "Pods-Bayaan.debug.xcconfig"; path = "Target Support Files/Pods-Bayaan/Pods-Bayaan.debug.xcconfig"; sourceTree = "<group>"; };
		2B34D16D4E1D470187785220 /* ExpoWidgetsTarget.entitlements */ = {isa = PBXFileReference; explicitFileType = undefined; fileEncoding = undefined; includeInIndex = 0; lastKnownFileType = unknown; name = ExpoWidgetsTarget.entitlements; path = ExpoWidgetsTarget.entitlements; sourceTree = "<group>"; };
		2CC4A66C4F9B29EB5F95F3F5 /* libPods-ExpoWidgetsTarget.a */ = {isa = PBXFileReference; explicitFileType = archive.ar; includeInIndex = 0; path = "libPods-ExpoWidgetsTarget.a"; sourceTree = BUILT_PRODUCTS_DIR; };
		3D34C99E9D249E905B920121 /* Pods-ExpoWidgetsTarget.release.xcconfig */ = {isa = PBXFileReference; includeInIndex = 1; lastKnownFileType = text.xcconfig; name = "Pods-ExpoWidgetsTarget.release.xcconfig"; path = "Target Support Files/Pods-ExpoWidgetsTarget/Pods-ExpoWidgetsTarget.release.xcconfig"; sourceTree = "<group>"; };
		43474006604749FFBEDB9955 /* ExpoWidgetsTarget.appex */ = {isa = PBXFileReference; explicitFileType = "wrapper.app-extension"; fileEncoding = undefined; includeInIndex = 0; lastKnownFileType = undefined; name = ExpoWidgetsTarget.appex; path = ExpoWidgetsTarget.appex; sourceTree = BUILT_PRODUCTS_DIR; };
		47A60A272A224C29AF885979 /* ExpoWidgetsTarget.entitlements */ = {isa = PBXFileReference; explicitFileType = undefined; fileEncoding = undefined; includeInIndex = 0; lastKnownFileType = unknown; name = ExpoWidgetsTarget.entitlements; path = "/Users/omarkhalil/Documents/Work-programming/Bayaan/ios/ExpoWidgetsTarget/ExpoWidgetsTarget.entitlements"; sourceTree = "<group>"; };
		7AC382E733D64BD3B12BE8DC /* Info.plist */ = {isa = PBXFileReference; explicitFileType = undefined; fileEncoding = 4; includeInIndex = 0; lastKnownFileType = text.plist.xml; name = Info.plist; path = "/Users/omarkhalil/Documents/Work-programming/Bayaan/ios/ExpoWidgetsTarget/Info.plist"; sourceTree = "<group>"; };
		882C7A29C6BC47ACB31C5C3A /* AyahOfTheDay.swift */ = {isa = PBXFileReference; explicitFileType = undefined; fileEncoding = 4; includeInIndex = 0; lastKnownFileType = sourcecode.swift; name = AyahOfTheDay.swift; path = "/Users/omarkhalil/Documents/Work-programming/Bayaan/ios/ExpoWidgetsTarget/AyahOfTheDay.swift"; sourceTree = "<group>"; };
		A1B2C3D4E5F64A01BBBB0001 /* LastRead.swift */ = {isa = PBXFileReference; explicitFileType = undefined; fileEncoding = 4; includeInIndex = 0; lastKnownFileType = sourcecode.swift; name = LastRead.swift; path = "/Users/omarkhalil/Documents/Work-programming/Bayaan/ios/ExpoWidgetsTarget/LastRead.swift"; sourceTree = "<group>"; };
		A1B2C3D4E5F64A01BBBB0003 /* ListeningStats.swift */ = {isa = PBXFileReference; explicitFileType = undefined; fileEncoding = 4; includeInIndex = 0; lastKnownFileType = sourcecode.swift; name = ListeningStats.swift; path = "/Users/omarkhalil/Documents/Work-programming/Bayaan/ios/ExpoWidgetsTarget/ListeningStats.swift"; sourceTree = "<group>"; };
		A1B2C3D4E5F64A01BBBB0004 /* Favorites.swift */ = {isa = PBXFileReference; explicitFileType = undefined; fileEncoding = 4; includeInIndex = 0; lastKnownFileType = sourcecode.swift; name = Favorites.swift; path = "/Users/omarkhalil/Documents/Work-programming/Bayaan/ios/ExpoWidgetsTarget/Favorites.swift"; sourceTree = "<group>"; };
		D780BCC4111846939C4E8CB5 /* NowPlaying.swift */ = {isa = PBXFileReference; explicitFileType = undefined; fileEncoding = 4; includeInIndex = 0; lastKnownFileType = sourcecode.swift; name = NowPlaying.swift; path = "/Users/omarkhalil/Documents/Work-programming/Bayaan/ios/ExpoWidgetsTarget/NowPlaying.swift"; sourceTree = "<group>"; };
		D9AC88E12D224D43877EF807 /* index.swift */ = {isa = PBXFileReference; explicitFileType = undefined; fileEncoding = 4; includeInIndex = 0; lastKnownFileType = sourcecode.swift; name = index.swift; path = "/Users/omarkhalil/Documents/Work-programming/Bayaan/ios/ExpoWidgetsTarget/index.swift"; sourceTree = "<group>"; };
		E703A9B776164B55FFF532AE /* Pods-ExpoWidgetsTarget.debug.xcconfig */ = {isa = PBXFileReference; includeInIndex = 1; lastKnownFileType = text.xcconfig; name = "Pods-ExpoWidgetsTarget.debug.xcconfig"; path = "Target Support Files/Pods-ExpoWidgetsTarget/Pods-ExpoWidgetsTarget.debug.xcconfig"; sourceTree = "<group>"; };
		EA626DF967ED72C782A26C1F /* ExpoModulesProvider.swift */ = {isa = PBXFileReference; includeInIndex = 1; lastKnownFileType = sourcecode.swift; name = ExpoModulesProvider.swift; path = "Pods/Target Support Files/Pods-ExpoWidgetsTarget/ExpoModulesProvider.swift"; sourceTree = "<group>"; };
/* End PBXFileReference section */

/* Begin PBXFrameworksBuildPhase section */
		13B07F8C1A680F5B00A75B9A /* Frameworks */ = {
			isa = PBXFrameworksBuildPhase;
			buildActionMask = 2147483647;
			files = (
				AC391543B38968CC9FD1DA0F /* libPods-Bayaan.a in Frameworks */,
			);
			runOnlyForDeploymentPostprocessing = 0;
		};
		5DBFED2F39F6454E892889EA /* Frameworks */ = {
			isa = PBXFrameworksBuildPhase;
			buildActionMask = 2147483647;
			files = (
			);
			runOnlyForDeploymentPostprocessing = 0;
		};
		E5F97D47EBE941CDB1BECB22 /* Frameworks */ = {
			isa = PBXFrameworksBuildPhase;
			buildActionMask = 2147483647;
			files = (
				C1F72412C1883E49DDA935A0 /* libPods-ExpoWidgetsTarget.a in Frameworks */,
			);
			runOnlyForDeploymentPostprocessing = 0;
		};
/* End PBXFrameworksBuildPhase section */

/* Begin PBXGroup section */
		0822B67F93AE242A7D6397F2 /* Bayaan */ = {
			isa = PBXGroup;
			children = (
				1A80EB146942F9EBA147653E /* ExpoModulesProvider.swift */,
			);
			name = Bayaan;
			sourceTree = "<group>";
		};
		13B07FAE1A68108700A75B9A /* Bayaan */ = {
			isa = PBXGroup;
			children = (
				F11748412D0307B40044C1D9 /* AppDelegate.swift */,
				F11748442D0722820044C1D9 /* Bayaan-Bridging-Header.h */,
				BB2F792B24A3F905000567C9 /* Supporting */,
				13B07FB51A68108700A75B9A /* Images.xcassets */,
				13B07FB61A68108700A75B9A /* Info.plist */,
				AA286B85B6C04FC6940260E9 /* SplashScreen.storyboard */,
			);
			name = Bayaan;
			sourceTree = "<group>";
		};
		2CAF4EB815DA4E5598FB085C /* ExpoModulesProviders */ = {
			isa = PBXGroup;
			children = (
				0822B67F93AE242A7D6397F2 /* Bayaan */,
				6D5425D876903F1E43BB7336 /* ExpoWidgetsTarget */,
			);
			name = ExpoModulesProviders;
			sourceTree = "<group>";
		};
		2D16E6871FA4F8E400B85C8A /* Frameworks */ = {
			isa = PBXGroup;
			children = (
				ED297162215061F000B7C4FE /* JavaScriptCore.framework */,
				D2761034759DDE2471699C0C /* libPods-Bayaan.a */,
				2CC4A66C4F9B29EB5F95F3F5 /* libPods-ExpoWidgetsTarget.a */,
			);
			name = Frameworks;
			sourceTree = "<group>";
		};
		8C19F9A1232F973531E0A0A4 /* Pods */ = {
			isa = PBXGroup;
			children = (
				FA31D73A80470CE01CAD8763 /* Pods-Bayaan.debug.xcconfig */,
				76FB5558E40F32C9BD282821 /* Pods-Bayaan.release.xcconfig */,
				E703A9B776164B55FFF532AE /* Pods-ExpoWidgetsTarget.debug.xcconfig */,
				3D34C99E9D249E905B920121 /* Pods-ExpoWidgetsTarget.release.xcconfig */,
			);
			name = Pods;
			path = Pods;
			sourceTree = "<group>";
		};
		832341AE1AAA6A7D00B99B32 /* Libraries */ = {
			isa = PBXGroup;
			children = (
			);
			name = Libraries;
			sourceTree = "<group>";
		};
		83CBB9F61A601CBA00E9B192 = {
			isa = PBXGroup;
			children = (
				13B07FAE1A68108700A75B9A /* Bayaan */,
				832341AE1AAA6A7D00B99B32 /* Libraries */,
				83CBBA001A601CBA00E9B192 /* Products */,
				2D16E6871FA4F8E400B85C8A /* Frameworks */,
				C0E7835B38B34313B4134894 /* ShareExtension */,
				80324F52D6F24A808A996A97 /* ExpoWidgetsTarget */,
				8C19F9A1232F973531E0A0A4 /* Pods */,
				2CAF4EB815DA4E5598FB085C /* ExpoModulesProviders */,
			);
			indentWidth = 2;
			sourceTree = "<group>";
			tabWidth = 2;
			usesTabs = 0;
		};
		83CBBA001A601CBA00E9B192 /* Products */ = {
			isa = PBXGroup;
			children = (
				13B07F961A680F5B00A75B9A /* Bayaan.app */,
				B674B1E3AFD9412DBA105D80 /* ShareExtension.appex */,
				43474006604749FFBEDB9955 /* ExpoWidgetsTarget.appex */,
			);
			name = Products;
			sourceTree = "<group>";
		};
		BB2F792B24A3F905000567C9 /* Supporting */ = {
			isa = PBXGroup;
			children = (
				BB2F792C24A3F905000567C9 /* Expo.plist */,
			);
			name = Supporting;
			path = Bayaan/Supporting;
			sourceTree = "<group>";
		};
		C0E7835B38B34313B4134894 /* ShareExtension */ = {
			isa = PBXGroup;
			children = (
				91FED6E047654E9BA298F99C /* ShareViewController.swift */,
				08676E8EA490481A84A5E811 /* MainInterface.storyboard */,
				3CA97EA8BD334900BD5A7EDF /* ShareExtensionPreprocessor.js */,
				6235A4512F954221BAEE5FB2 /* PrivacyInfo.xcprivacy */,
				452A863BBDF94B81A15693EF /* ShareExtension-Info.plist */,
				7D3463C1A2A64387BE58A214 /* ShareExtension.entitlements */,
			);
			name = ShareExtension;
			path = ShareExtension;
			sourceTree = "<group>";
		};
		6D5425D876903F1E43BB7336 /* ExpoWidgetsTarget */ = {
			isa = PBXGroup;
			children = (
				EA626DF967ED72C782A26C1F /* ExpoModulesProvider.swift */,
			);
			name = ExpoWidgetsTarget;
			sourceTree = "<group>";
		};
		80324F52D6F24A808A996A97 /* ExpoWidgetsTarget */ = {
			isa = PBXGroup;
			children = (
				47A60A272A224C29AF885979 /* ExpoWidgetsTarget.entitlements */,
				7AC382E733D64BD3B12BE8DC /* Info.plist */,
				D9AC88E12D224D43877EF807 /* index.swift */,
				882C7A29C6BC47ACB31C5C3A /* AyahOfTheDay.swift */,
				D780BCC4111846939C4E8CB5 /* NowPlaying.swift */,
				A1B2C3D4E5F64A01BBBB0001 /* LastRead.swift */,
				A1B2C3D4E5F64A01BBBB0003 /* ListeningStats.swift */,
				A1B2C3D4E5F64A01BBBB0004 /* Favorites.swift */,
				2B34D16D4E1D470187785220 /* ExpoWidgetsTarget.entitlements */,
			);
			name = ExpoWidgetsTarget;
			path = ExpoWidgetsTarget;
			sourceTree = "<group>";
		};
/* End PBXGroup section */

/* Begin PBXNativeTarget section */
		13B07F861A680F5B00A75B9A /* Bayaan */ = {
			isa = PBXNativeTarget;
			buildConfigurationList = 13B07F931A680F5B00A75B9A /* Build configuration list for PBXNativeTarget "Bayaan" */;
			buildPhases = (
				08A4A3CD28434E44B6B9DE2E /* [CP] Check Pods Manifest.lock */,
				15C7479892B8D29546D8FC7C /* [Expo] Configure project */,
				13B07F871A680F5B00A75B9A /* Sources */,
				13B07F8C1A680F5B00A75B9A /* Frameworks */,
				13B07F8E1A680F5B00A75B9A /* Resources */,
				00DD1BFF1BD5951E006B06BC /* Bundle React Native code and images */,
				800E24972A6A228C8D4807E9 /* [CP] Copy Pods Resources */,
				538CC7A950A14AC48D73479C /* [Expo Dev Launcher] Strip Local Network Keys for Release */,
				26E5B019E0CA4DA48C16E51C /* Upload Debug Symbols to Sentry */,
				3355BF13824D4BD48273BA57 /* Copy Files */,
				F1B4BF45BF5148EDA0417505 /* Embed Foundation Extensions */,
				2F753FD4817565513DB9FA30 /* [CP] Embed Pods Frameworks */,
			);
			buildRules = (
			);
			dependencies = (
				2E948DFE50604DE4A4549D5E /* PBXTargetDependency */,
				B0E77E44EC4046FFB145DCA5 /* PBXTargetDependency */,
			);
			name = Bayaan;
			productName = Bayaan;
			productReference = 13B07F961A680F5B00A75B9A /* Bayaan.app */;
			productType = "com.apple.product-type.application";
		};
		63B7AD14D53E40DDBCBDDCFB /* ShareExtension */ = {
			isa = PBXNativeTarget;
			buildConfigurationList = 7131BBEDBEFB4BE880F71B98 /* Build configuration list for PBXNativeTarget "ShareExtension" */;
			buildPhases = (
				FCB646C12C14426BAC15C761 /* Sources */,
				FE4DBC4DB00C48FAB599DED4 /* Resources */,
				5DBFED2F39F6454E892889EA /* Frameworks */,
			);
			buildRules = (
			);
			dependencies = (
			);
			name = ShareExtension;
			productName = ShareExtension;
			productReference = B674B1E3AFD9412DBA105D80 /* ShareExtension.appex */;
			productType = "com.apple.product-type.app-extension";
		};
		78CADDCB9F9644469F6EDB8D /* ExpoWidgetsTarget */ = {
			isa = PBXNativeTarget;
			buildConfigurationList = A2EE7102DB3A4CF59196B2C2 /* Build configuration list for PBXNativeTarget "ExpoWidgetsTarget" */;
			buildPhases = (
				63D8E7FC2BBF10BF2184DF24 /* [CP] Check Pods Manifest.lock */,
				C9D03EA27D1F5F4775D07F17 /* [Expo] Configure project */,
				2B09B339F59541E2AE613D7B /* Sources */,
				E5F97D47EBE941CDB1BECB22 /* Frameworks */,
				E6F2D216495B3C47C6D1CFCD /* [CP] Copy Pods Resources */,
			);
			buildRules = (
			);
			dependencies = (
			);
			name = ExpoWidgetsTarget;
			productName = ExpoWidgetsTarget;
			productReference = 43474006604749FFBEDB9955 /* ExpoWidgetsTarget.appex */;
			productType = "com.apple.product-type.app-extension";
		};
/* End PBXNativeTarget section */

/* Begin PBXProject section */
		83CBB9F71A601CBA00E9B192 /* Project object */ = {
			isa = PBXProject;
			attributes = {
				LastUpgradeCheck = 1130;
				TargetAttributes = {
					13B07F861A680F5B00A75B9A = {
						DevelopmentTeam = S4W5Q2L53W;
						LastSwiftMigration = 1250;
					};
					78CADDCB9F9644469F6EDB8D = {
						LastSwiftMigration = 1250;
					};
				};
			};
			buildConfigurationList = 83CBB9FA1A601CBA00E9B192 /* Build configuration list for PBXProject "Bayaan" */;
			compatibilityVersion = "Xcode 3.2";
			developmentRegion = en;
			hasScannedForEncodings = 0;
			knownRegions = (
				en,
				Base,
			);
			mainGroup = 83CBB9F61A601CBA00E9B192;
			productRefGroup = 83CBBA001A601CBA00E9B192 /* Products */;
			projectDirPath = "";
			projectRoot = "";
			targets = (
				13B07F861A680F5B00A75B9A /* Bayaan */,
				63B7AD14D53E40DDBCBDDCFB /* ShareExtension */,
				78CADDCB9F9644469F6EDB8D /* ExpoWidgetsTarget */,
			);
		};
/* End PBXProject section */

/* Begin PBXResourcesBuildPhase section */
		13B07F8E1A680F5B00A75B9A /* Resources */ = {
			isa = PBXResourcesBuildPhase;
			buildActionMask = 2147483647;
			files = (
				BB2F792D24A3F905000567C9 /* Expo.plist in Resources */,
				13B07FBF1A68108700A75B9A /* Images.xcassets in Resources */,
				3E461D99554A48A4959DE609 /* SplashScreen.storyboard in Resources */,
				312DFCD785436BF4D45D2765 /* PrivacyInfo.xcprivacy in Resources */,
			);
			runOnlyForDeploymentPostprocessing = 0;
		};
		FE4DBC4DB00C48FAB599DED4 /* Resources */ = {
			isa = PBXResourcesBuildPhase;
			buildActionMask = 2147483647;
			files = (
				BB170965D90948F5AE38A5B1 /* MainInterface.storyboard in Resources */,
				36B30B98690E4614A5D19161 /* ShareExtensionPreprocessor.js in Resources */,
				2C0A630403A24FB2A5669D42 /* PrivacyInfo.xcprivacy in Resources */,
			);
			runOnlyForDeploymentPostprocessing = 0;
		};
/* End PBXResourcesBuildPhase section */

/* Begin PBXShellScriptBuildPhase section */
		00DD1BFF1BD5951E006B06BC /* Bundle React Native code and images */ = {
			isa = PBXShellScriptBuildPhase;
			alwaysOutOfDate = 1;
			buildActionMask = 2147483647;
			files = (
			);
			inputPaths = (
				"$(SRCROOT)/.xcode.env",
				"$(SRCROOT)/.xcode.env.local",
			);
			name = "Bundle React Native code and images";
			outputPaths = (
			);
			runOnlyForDeploymentPostprocessing = 0;
			shellPath = /bin/sh;
			shellScript = "if [[ -f \"$PODS_ROOT/../.xcode.env\" ]]; then\n  source \"$PODS_ROOT/../.xcode.env\"\nfi\nif [[ -f \"$PODS_ROOT/../.xcode.env.local\" ]]; then\n  source \"$PODS_ROOT/../.xcode.env.local\"\nfi\n\n# The project root by default is one level up from the ios directory\nexport PROJECT_ROOT=\"$PROJECT_DIR\"/..\n\nif [[ \"$CONFIGURATION\" = *Debug* ]]; then\n  export SKIP_BUNDLING=1\nfi\nif [[ -z \"$ENTRY_FILE\" ]]; then\n  # Set the entry JS file using the bundler's entry resolution.\n  export ENTRY_FILE=\"$(\"$NODE_BINARY\" -e \"require('expo/scripts/resolveAppEntry')\" \"$PROJECT_ROOT\" ios absolute | tail -n 1)\"\nfi\n\nif [[ -z \"$CLI_PATH\" ]]; then\n  # Use Expo CLI\n  export CLI_PATH=\"$(\"$NODE_BINARY\" --print \"require.resolve('@expo/cli', { paths: [require.resolve('expo/package.json')] })\")\"\nfi\nif [[ -z \"$BUNDLE_COMMAND\" ]]; then\n  # Default Expo CLI command for bundling\n  export BUNDLE_COMMAND=\"export:embed\"\nfi\n\n# Source .xcode.env.updates if it exists to allow\n# SKIP_BUNDLING to be unset if needed\nif [[ -f \"$PODS_ROOT/../.xcode.env.updates\" ]]; then\n  source \"$PODS_ROOT/../.xcode.env.updates\"\nfi\n# Source local changes to allow overrides\n# if needed\nif [[ -f \"$PODS_ROOT/../.xcode.env.local\" ]]; then\n  source \"$PODS_ROOT/../.xcode.env.local\"\nfi\n\n/bin/sh `\"$NODE_BINARY\" --print \"require('path').dirname(require.resolve('@sentry/react-native/package.json')) + '/scripts/sentry-xcode.sh'\"` `\"$NODE_BINARY\" --print \"require('path').dirname(require.resolve('react-native/package.json')) + '/scripts/react-native-xcode.sh'\"`\n\n";
		};
		08A4A3CD28434E44B6B9DE2E /* [CP] Check Pods Manifest.lock */ = {
			isa = PBXShellScriptBuildPhase;
			buildActionMask = 2147483647;
			files = (
			);
			inputFileListPaths = (
			);
			inputPaths = (
				"${PODS_PODFILE_DIR_PATH}/Podfile.lock",
				"${PODS_ROOT}/Manifest.lock",
			);
			name = "[CP] Check Pods Manifest.lock";
			outputFileListPaths = (
			);
			outputPaths = (
				"$(DERIVED_FILE_DIR)/Pods-Bayaan-checkManifestLockResult.txt",
			);
			runOnlyForDeploymentPostprocessing = 0;
			shellPath = /bin/sh;
			shellScript = "diff \"${PODS_PODFILE_DIR_PATH}/Podfile.lock\" \"${PODS_ROOT}/Manifest.lock\" > /dev/null\nif [ $? != 0 ] ; then\n    # print error to STDERR\n    echo \"error: The sandbox is not in sync with the Podfile.lock. Run 'pod install' or update your CocoaPods installation.\" >&2\n    exit 1\nfi\n# This output is used by Xcode 'outputs' to avoid re-running this script phase.\necho \"SUCCESS\" > \"${SCRIPT_OUTPUT_FILE_0}\"\n";
			showEnvVarsInLog = 0;
		};
		15C7479892B8D29546D8FC7C /* [Expo] Configure project */ = {
			isa = PBXShellScriptBuildPhase;
			alwaysOutOfDate = 1;
			buildActionMask = 2147483647;
			files = (
			);
			inputFileListPaths = (
			);
			inputPaths = (
				"$(SRCROOT)/.xcode.env",
				"$(SRCROOT)/.xcode.env.local",
				"$(SRCROOT)/Bayaan/Bayaan.entitlements",
				"$(SRCROOT)/Pods/Target Support Files/Pods-Bayaan/expo-configure-project.sh",
			);
			name = "[Expo] Configure project";
			outputFileListPaths = (
			);
			outputPaths = (
				"$(SRCROOT)/Pods/Target Support Files/Pods-Bayaan/ExpoModulesProvider.swift",
			);
			runOnlyForDeploymentPostprocessing = 0;
			shellPath = /bin/sh;
			shellScript = "# This script configures Expo modules and generates the modules provider file.\nbash -l -c \"./Pods/Target\\ Support\\ Files/Pods-Bayaan/expo-configure-project.sh\"\n";
		};
		26E5B019E0CA4DA48C16E51C /* Upload Debug Symbols to Sentry */ = {
			isa = PBXShellScriptBuildPhase;
			buildActionMask = 2147483647;
			files = (
			);
			inputPaths = (
			);
			name = "Upload Debug Symbols to Sentry";
			outputPaths = (
			);
			runOnlyForDeploymentPostprocessing = 0;
			shellPath = /bin/sh;
			shellScript = "/bin/sh `${NODE_BINARY:-node} --print \"require('path').dirname(require.resolve('@sentry/react-native/package.json')) + '/scripts/sentry-xcode-debug-files.sh'\"`";
		};
		2F753FD4817565513DB9FA30 /* [CP] Embed Pods Frameworks */ = {
			isa = PBXShellScriptBuildPhase;
			buildActionMask = 2147483647;
			files = (
			);
			inputPaths = (
				"${PODS_ROOT}/Target Support Files/Pods-Bayaan/Pods-Bayaan-frameworks.sh",
				"${PODS_XCFRAMEWORKS_BUILD_DIR}/React-Core-prebuilt/React.framework/React",
				"${PODS_XCFRAMEWORKS_BUILD_DIR}/ReactNativeDependencies/ReactNativeDependencies.framework/ReactNativeDependencies",
				"${PODS_XCFRAMEWORKS_BUILD_DIR}/hermes-engine/Pre-built/hermesvm.framework/hermesvm",
			);
			name = "[CP] Embed Pods Frameworks";
			outputPaths = (
				"${TARGET_BUILD_DIR}/${FRAMEWORKS_FOLDER_PATH}/React.framework",
				"${TARGET_BUILD_DIR}/${FRAMEWORKS_FOLDER_PATH}/ReactNativeDependencies.framework",
				"${TARGET_BUILD_DIR}/${FRAMEWORKS_FOLDER_PATH}/hermesvm.framework",
			);
			runOnlyForDeploymentPostprocessing = 0;
			shellPath = /bin/sh;
			shellScript = "\"${PODS_ROOT}/Target Support Files/Pods-Bayaan/Pods-Bayaan-frameworks.sh\"\n";
			showEnvVarsInLog = 0;
		};
		538CC7A950A14AC48D73479C /* [Expo Dev Launcher] Strip Local Network Keys for Release */ = {
			isa = PBXShellScriptBuildPhase;
			buildActionMask = 2147483647;
			files = (
			);
			inputPaths = (
			);
			name = "[Expo Dev Launcher] Strip Local Network Keys for Release";
			outputPaths = (
			);
			runOnlyForDeploymentPostprocessing = 0;
			shellPath = /bin/sh;
			shellScript = "# Strip dev-launcher-specific local network permission keys from non-Debug builds\n# This only removes _expo._tcp Bonjour services and the dev-launcher usage description.\n# Other Bonjour services and custom descriptions are preserved for production use.\n\nif [ \"$CONFIGURATION\" != \"Debug\" ]; then\n  PLIST_PATH=\"${TARGET_BUILD_DIR}/${INFOPLIST_PATH}\"\n  if [ -f \"$PLIST_PATH\" ]; then\n    # Check if NSBonjourServices exists\n    if /usr/libexec/PlistBuddy -c \"Print :NSBonjourServices\" \"$PLIST_PATH\" >/dev/null 2>&1; then\n      # Get the count of services\n      COUNT=$(/usr/libexec/PlistBuddy -c \"Print :NSBonjourServices\" \"$PLIST_PATH\" 2>/dev/null | grep \"^    \" | wc -l | tr -d ' ')\n\n      # Remove _expo._tcp\n      for ((i=COUNT-1; i>=0; i--)); do\n        SERVICE=$(/usr/libexec/PlistBuddy -c \"Print :NSBonjourServices:$i\" \"$PLIST_PATH\" 2>/dev/null || echo \"\")\n        if echo \"$SERVICE\" | grep -q \"_expo._tcp\"; then\n          /usr/libexec/PlistBuddy -c \"Delete :NSBonjourServices:$i\" \"$PLIST_PATH\" 2>/dev/null || true\n        fi\n      done\n\n      # If the array is now empty, remove it entirely\n      REMAINING=$(/usr/libexec/PlistBuddy -c \"Print :NSBonjourServices\" \"$PLIST_PATH\" 2>/dev/null | grep \"^    \" | wc -l | tr -d ' ')\n      if [ \"$REMAINING\" -eq \"0\" ]; then\n        /usr/libexec/PlistBuddy -c \"Delete :NSBonjourServices\" \"$PLIST_PATH\" 2>/dev/null || true\n      fi\n    fi\n\n    # Only delete the description if it matches the dev-launcher default text\n    DESC=$(/usr/libexec/PlistBuddy -c \"Print :NSLocalNetworkUsageDescription\" \"$PLIST_PATH\" 2>/dev/null || echo \"\")\n    if echo \"$DESC\" | grep -q \"Expo Dev Launcher\"; then\n      /usr/libexec/PlistBuddy -c \"Delete :NSLocalNetworkUsageDescription\" \"$PLIST_PATH\" 2>/dev/null || true\n    fi\n  fi\nfi\n";
		};
		800E24972A6A228C8D4807E9 /* [CP] Copy Pods Resources */ = {
			isa = PBXShellScriptBuildPhase;
			buildActionMask = 2147483647;
			files = (
			);
			inputPaths = (
				"${PODS_ROOT}/Target Support Files/Pods-Bayaan/Pods-Bayaan-resources.sh",
				"${PODS_CONFIGURATION_BUILD_DIR}/EXApplication/ExpoApplication_privacy.bundle",
				"${PODS_CONFIGURATION_BUILD_DIR}/EXConstants/EXConstants.bundle",
				"${PODS_CONFIGURATION_BUILD_DIR}/EXConstants/ExpoConstants_privacy.bundle",
				"${PODS_CONFIGURATION_BUILD_DIR}/EXUpdates/EXUpdates.bundle",
				"${PODS_CONFIGURATION_BUILD_DIR}/ExpoDevice/ExpoDevice_privacy.bundle",
				"${PODS_CONFIGURATION_BUILD_DIR}/ExpoFileSystem/ExpoFileSystem_privacy.bundle",
				"${PODS_CONFIGURATION_BUILD_DIR}/ExpoMediaLibrary/ExpoMediaLibrary_privacy.bundle",
				"${PODS_CONFIGURATION_BUILD_DIR}/ExpoNotifications/ExpoNotifications_privacy.bundle",
				"${PODS_CONFIGURATION_BUILD_DIR}/ExpoSystemUI/ExpoSystemUI_privacy.bundle",
				"${PODS_CONFIGURATION_BUILD_DIR}/RNCAsyncStorage/RNCAsyncStorage_resources.bundle",
				"${PODS_CONFIGURATION_BUILD_DIR}/RNDeviceInfo/RNDeviceInfoPrivacyInfo.bundle",
				"${PODS_CONFIGURATION_BUILD_DIR}/RNSVG/RNSVGFilters.bundle",
				"${PODS_CONFIGURATION_BUILD_DIR}/ReachabilitySwift/ReachabilitySwift.bundle",
				"${PODS_CONFIGURATION_BUILD_DIR}/React-Core/React-Core_privacy.bundle",
				"${PODS_CONFIGURATION_BUILD_DIR}/React-cxxreact/React-cxxreact_privacy.bundle",
				"${PODS_CONFIGURATION_BUILD_DIR}/SDWebImage/SDWebImage.bundle",
				"${PODS_CONFIGURATION_BUILD_DIR}/Sentry/Sentry.bundle",
				"${PODS_CONFIGURATION_BUILD_DIR}/ExpoWidgets/ExpoWidgets.bundle",
				"${PODS_CONFIGURATION_BUILD_DIR}/expo-dev-launcher/EXDevLauncher.bundle",
				"${PODS_CONFIGURATION_BUILD_DIR}/expo-dev-menu/EXDevMenu.bundle",
			);
			name = "[CP] Copy Pods Resources";
			outputPaths = (
				"${TARGET_BUILD_DIR}/${UNLOCALIZED_RESOURCES_FOLDER_PATH}/ExpoApplication_privacy.bundle",
				"${TARGET_BUILD_DIR}/${UNLOCALIZED_RESOURCES_FOLDER_PATH}/EXConstants.bundle",
				"${TARGET_BUILD_DIR}/${UNLOCALIZED_RESOURCES_FOLDER_PATH}/ExpoConstants_privacy.bundle",
				"${TARGET_BUILD_DIR}/${UNLOCALIZED_RESOURCES_FOLDER_PATH}/EXUpdates.bundle",
				"${TARGET_BUILD_DIR}/${UNLOCALIZED_RESOURCES_FOLDER_PATH}/ExpoDevice_privacy.bundle",
				"${TARGET_BUILD_DIR}/${UNLOCALIZED_RESOURCES_FOLDER_PATH}/ExpoFileSystem_privacy.bundle",
				"${TARGET_BUILD_DIR}/${UNLOCALIZED_RESOURCES_FOLDER_PATH}/ExpoMediaLibrary_privacy.bundle",
				"${TARGET_BUILD_DIR}/${UNLOCALIZED_RESOURCES_FOLDER_PATH}/ExpoNotifications_privacy.bundle",
				"${TARGET_BUILD_DIR}/${UNLOCALIZED_RESOURCES_FOLDER_PATH}/ExpoSystemUI_privacy.bundle",
				"${TARGET_BUILD_DIR}/${UNLOCALIZED_RESOURCES_FOLDER_PATH}/RNCAsyncStorage_resources.bundle",
				"${TARGET_BUILD_DIR}/${UNLOCALIZED_RESOURCES_FOLDER_PATH}/RNDeviceInfoPrivacyInfo.bundle",
				"${TARGET_BUILD_DIR}/${UNLOCALIZED_RESOURCES_FOLDER_PATH}/RNSVGFilters.bundle",
				"${TARGET_BUILD_DIR}/${UNLOCALIZED_RESOURCES_FOLDER_PATH}/ReachabilitySwift.bundle",
				"${TARGET_BUILD_DIR}/${UNLOCALIZED_RESOURCES_FOLDER_PATH}/React-Core_privacy.bundle",
				"${TARGET_BUILD_DIR}/${UNLOCALIZED_RESOURCES_FOLDER_PATH}/React-cxxreact_privacy.bundle",
				"${TARGET_BUILD_DIR}/${UNLOCALIZED_RESOURCES_FOLDER_PATH}/SDWebImage.bundle",
				"${TARGET_BUILD_DIR}/${UNLOCALIZED_RESOURCES_FOLDER_PATH}/Sentry.bundle",
				"${TARGET_BUILD_DIR}/${UNLOCALIZED_RESOURCES_FOLDER_PATH}/ExpoWidgets.bundle",
				"${TARGET_BUILD_DIR}/${UNLOCALIZED_RESOURCES_FOLDER_PATH}/EXDevLauncher.bundle",
				"${TARGET_BUILD_DIR}/${UNLOCALIZED_RESOURCES_FOLDER_PATH}/EXDevMenu.bundle",
			);
			runOnlyForDeploymentPostprocessing = 0;
			shellPath = /bin/sh;
			shellScript = "\"${PODS_ROOT}/Target Support Files/Pods-Bayaan/Pods-Bayaan-resources.sh\"\n";
			showEnvVarsInLog = 0;
		};
		63D8E7FC2BBF10BF2184DF24 /* [CP] Check Pods Manifest.lock */,
				C9D03EA27D1F5F4775D07F17 /* [Expo] Configure project */,
				2B09B339F59541E2AE613D7B /* Sources */,
				E5F97D47EBE941CDB1BECB22 /* Frameworks */,
				E6F2D216495B3C47C6D1CFCD /* [CP] Copy Pods Resources */,
			);
			buildRules = (
			);
			dependencies = (
			);
			name = ExpoWidgetsTarget;
			productName = ExpoWidgetsTarget;
			productReference = 43474006604749FFBEDB9955 /* ExpoWidgetsTarget.appex */;
			productType = "com.apple.product-type.app-extension";
		};
/* End PBXNativeTarget section */

/* Begin PBXProject section */
		83CBB9F71A601CBA00E9B192 /* Project object */ = {
			isa = PBXProject;
			attributes = {
				LastUpgradeCheck = 1130;
				TargetAttributes = {
					13B07F861A680F5B00A75B9A = {
						DevelopmentTeam = S4W5Q2L53W;
						LastSwiftMigration = 1250;
					};
					78CADDCB9F9644469F6EDB8D = {
						LastSwiftMigration = 1250;
					};
				};
			};
		C9D03EA27D1F5F4775D07F17 /* [Expo] Configure project */,
				2B09B339F59541E2AE613D7B /* Sources */,
				E5F97D47EBE941CDB1BECB22 /* Frameworks */,
				E6F2D216495B3C47C6D1CFCD /* [CP] Copy Pods Resources */,
			);
			buildRules = (
			);
			dependencies = (
			);
			name = ExpoWidgetsTarget;
			productName = ExpoWidgetsTarget;
			productReference = 43474006604749FFBEDB9955 /* ExpoWidgetsTarget.appex */;
			productType = "com.apple.product-type.app-extension";
		};
/* End PBXNativeTarget section */

/* Begin PBXProject section */
		83CBB9F71A601CBA00E9B192 /* Project object */ = {
			isa = PBXProject;
			attributes = {
				LastUpgradeCheck = 1130;
				TargetAttributes = {
					13B07F861A680F5B00A75B9A = {
						DevelopmentTeam = S4W5Q2L53W;
						LastSwiftMigration = 1250;
					};
					78CADDCB9F9644469F6EDB8D = {
						LastSwiftMigration = 1250;
					};
				};
			};
		E6F2D216495B3C47C6D1CFCD /* [CP] Copy Pods Resources */,
			);
			buildRules = (
			);
			dependencies = (
			);
			name = ExpoWidgetsTarget;
			productName = ExpoWidgetsTarget;
			productReference = 43474006604749FFBEDB9955 /* ExpoWidgetsTarget.appex */;
			productType = "com.apple.product-type.app-extension";
		};
/* End PBXNativeTarget section */

/* Begin PBXProject section */
		83CBB9F71A601CBA00E9B192 /* Project object */ = {
			isa = PBXProject;
			attributes = {
				LastUpgradeCheck = 1130;
				TargetAttributes = {
					13B07F861A680F5B00A75B9A = {
						DevelopmentTeam = S4W5Q2L53W;
						LastSwiftMigration = 1250;
					};
					78CADDCB9F9644469F6EDB8D = {
						LastSwiftMigration = 1250;
					};
				};
			};
/* End PBXShellScriptBuildPhase section */

/* Begin PBXSourcesBuildPhase section */
		13B07F871A680F5B00A75B9A /* Sources */ = {
			isa = PBXSourcesBuildPhase;
			buildActionMask = 2147483647;
			files = (
				F11748422D0307B40044C1D9 /* AppDelegate.swift in Sources */,
				EBCCAF53388426B59365802A /* ExpoModulesProvider.swift in Sources */,
			);
			runOnlyForDeploymentPostprocessing = 0;
		};
		FCB646C12C14426BAC15C761 /* Sources */ = {
			isa = PBXSourcesBuildPhase;
			buildActionMask = 2147483647;
			files = (
				473D2E9A88E349F88BC9D616 /* ShareViewController.swift in Sources */,
			);
			runOnlyForDeploymentPostprocessing = 0;
		};
		2B09B339F59541E2AE613D7B /* Sources */ = {
			isa = PBXSourcesBuildPhase;
			buildActionMask = 2147483647;
			files = (
				7509202A6F354F2382BF8B39 /* index.swift in Sources */,
				73130CD9D03C40D2B161F6E1 /* AyahOfTheDay.swift in Sources */,
				2E47EFA9ED994A099C49C15A /* NowPlaying.swift in Sources */,
				A1B2C3D4E5F64A01AAAA0001 /* LastRead.swift in Sources */,
				A1B2C3D4E5F64A01AAAA0003 /* ListeningStats.swift in Sources */,
				A1B2C3D4E5F64A01AAAA0004 /* Favorites.swift in Sources */,
				331C12D725CC60F00CA969BF /* ExpoModulesProvider.swift in Sources */,
			);
			runOnlyForDeploymentPostprocessing = 0;
		};
/* End PBXSourcesBuildPhase section */

/* Begin PBXTargetDependency section */
		2E948DFE50604DE4A4549D5E /* PBXTargetDependency */ = {
			isa = PBXTargetDependency;
			target = 63B7AD14D53E40DDBCBDDCFB /* ShareExtension */;
			targetProxy = DE6CDC817A4B4EFD829B60C8 /* PBXContainerItemProxy */;
		};
		B0E77E44EC4046FFB145DCA5 /* PBXTargetDependency */ = {
			isa = PBXTargetDependency;
			target = 78CADDCB9F9644469F6EDB8D /* ExpoWidgetsTarget */;
			targetProxy = FEBCE89F3E4740E6BBFD5351 /* PBXContainerItemProxy */;
		};
/* End PBXTargetDependency section */

/* Begin XCBuildConfiguration section */
		13B07F941A680F5B00A75B9A /* Debug */ = {
			isa = XCBuildConfiguration;
			baseConfigurationReference = FA31D73A80470CE01CAD8763 /* Pods-Bayaan.debug.xcconfig */;
			buildSettings = {
				ASSETCATALOG_COMPILER_APPICON_NAME = AppIcon;
				CLANG_ENABLE_MODULES = YES;
				CODE_SIGN_ENTITLEMENTS = Bayaan/Bayaan.entitlements;
				CURRENT_PROJECT_VERSION = 1;
				DEVELOPMENT_TEAM = S4W5Q2L53W;
				ENABLE_BITCODE = NO;
				GCC_PREPROCESSOR_DEFINITIONS = (
					"$(inherited)",
					"FB_SONARKIT_ENABLED=1",
				);
				INFOPLIST_FILE = Bayaan/Info.plist;
				IPHONEOS_DEPLOYMENT_TARGET = 15.1;
				LD_RUNPATH_SEARCH_PATHS = (
					"$(inherited)",
					"@executable_path/Frameworks",
				);
				MARKETING_VERSION = 1.0;
				OTHER_LDFLAGS = (
					"$(inherited)",
					"-ObjC",
					"-lc++",
				);
				OTHER_SWIFT_FLAGS = "$(inherited) -D EXPO_CONFIGURATION_DEBUG";
				PRODUCT_BUNDLE_IDENTIFIER = com.bayaan.app;
				PRODUCT_NAME = Bayaan;
				SWIFT_OBJC_BRIDGING_HEADER = "Bayaan/Bayaan-Bridging-Header.h";
				SWIFT_OPTIMIZATION_LEVEL = "-Onone";
				SWIFT_VERSION = 5.0;
				TARGETED_DEVICE_FAMILY = "1,2";
				VERSIONING_SYSTEM = "apple-generic";
			};
			name = Debug;
		};
		13B07F951A680F5B00A75B9A /* Release */ = {
			isa = XCBuildConfiguration;
			baseConfigurationReference = 76FB5558E40F32C9BD282821 /* Pods-Bayaan.release.xcconfig */;
			buildSettings = {
				ASSETCATALOG_COMPILER_APPICON_NAME = AppIcon;
				CLANG_ENABLE_MODULES = YES;
				CODE_SIGN_ENTITLEMENTS = Bayaan/Bayaan.entitlements;
				CURRENT_PROJECT_VERSION = 1;
				DEVELOPMENT_TEAM = S4W5Q2L53W;
				INFOPLIST_FILE = Bayaan/Info.plist;
				IPHONEOS_DEPLOYMENT_TARGET = 15.1;
				LD_RUNPATH_SEARCH_PATHS = (
					"$(inherited)",
					"@executable_path/Frameworks",
				);
				MARKETING_VERSION = 1.0;
				OTHER_LDFLAGS = (
					"$(inherited)",
					"-ObjC",
					"-lc++",
				);
				OTHER_SWIFT_FLAGS = "$(inherited) -D EXPO_CONFIGURATION_RELEASE";
				PRODUCT_BUNDLE_IDENTIFIER = com.bayaan.app;
				PRODUCT_NAME = Bayaan;
				SWIFT_OBJC_BRIDGING_HEADER = "Bayaan/Bayaan-Bridging-Header.h";
				SWIFT_VERSION = 5.0;
				TARGETED_DEVICE_FAMILY = "1,2";
				VERSIONING_SYSTEM = "apple-generic";
			};
			name = Release;
		};
		83CBBA201A601CBA00E9B192 /* Debug */ = {
			isa = XCBuildConfiguration;
			buildSettings = {
				ALWAYS_SEARCH_USER_PATHS = NO;
				CLANG_ANALYZER_LOCALIZABILITY_NONLOCALIZED = YES;
				CLANG_CXX_LANGUAGE_STANDARD = "c++20";
				CLANG_CXX_LIBRARY = "libc++";
				CLANG_ENABLE_MODULES = YES;
				CLANG_ENABLE_OBJC_ARC = YES;
				CLANG_WARN_BLOCK_CAPTURE_AUTORELEASING = YES;
				CLANG_WARN_BOOL_CONVERSION = YES;
				CLANG_WARN_COMMA = YES;
				CLANG_WARN_CONSTANT_CONVERSION = YES;
				CLANG_WARN_DEPRECATED_OBJC_IMPLEMENTATIONS = YES;
				CLANG_WARN_DIRECT_OBJC_ISA_USAGE = YES_ERROR;
				CLANG_WARN_EMPTY_BODY = YES;
				CLANG_WARN_ENUM_CONVERSION = YES;
				CLANG_WARN_INFINITE_RECURSION = YES;
				CLANG_WARN_INT_CONVERSION = YES;
				CLANG_WARN_NON_LITERAL_NULL_CONVERSION = YES;
				CLANG_WARN_OBJC_IMPLICIT_RETAIN_SELF = YES;
				CLANG_WARN_OBJC_LITERAL_CONVERSION = YES;
				CLANG_WARN_OBJC_ROOT_CLASS = YES_ERROR;
				CLANG_WARN_RANGE_LOOP_ANALYSIS = YES;
				CLANG_WARN_STRICT_PROTOTYPES = YES;
				CLANG_WARN_SUSPICIOUS_MOVE = YES;
				CLANG_WARN_UNREACHABLE_CODE = YES;
				CLANG_WARN__DUPLICATE_METHOD_MATCH = YES;
				"CODE_SIGN_IDENTITY[sdk=iphoneos*]" = "iPhone Developer";
				COPY_PHASE_STRIP = NO;
				ENABLE_STRICT_OBJC_MSGSEND = YES;
				ENABLE_TESTABILITY = YES;
				GCC_C_LANGUAGE_STANDARD = gnu99;
				GCC_DYNAMIC_NO_PIC = NO;
				GCC_NO_COMMON_BLOCKS = YES;
				GCC_OPTIMIZATION_LEVEL = 0;
				GCC_PREPROCESSOR_DEFINITIONS = (
					"DEBUG=1",
					"$(inherited)",
				);
				GCC_SYMBOLS_PRIVATE_EXTERN = NO;
				GCC_WARN_64_TO_32_BIT_CONVERSION = YES;
				GCC_WARN_ABOUT_RETURN_TYPE = YES_ERROR;
				GCC_WARN_UNDECLARED_SELECTOR = YES;
				GCC_WARN_UNINITIALIZED_AUTOS = YES_AGGRESSIVE;
				GCC_WARN_UNUSED_FUNCTION = YES;
				GCC_WARN_UNUSED_VARIABLE = YES;
				IPHONEOS_DEPLOYMENT_TARGET = 15.1;
				LD_RUNPATH_SEARCH_PATHS = (
					/usr/lib/swift,
					"$(inherited)",
				);
				LIBRARY_SEARCH_PATHS = "$(SDKROOT)/usr/lib/swift\"$(inherited)\"";
				MTL_ENABLE_DEBUG_INFO = YES;
				ONLY_ACTIVE_ARCH = YES;
				OTHER_CFLAGS = "$(inherited)";
				OTHER_CPLUSPLUSFLAGS = "$(inherited)";
				REACT_NATIVE_PATH = "${PODS_ROOT}/../../node_modules/react-native";
				SDKROOT = iphoneos;
				SWIFT_ACTIVE_COMPILATION_CONDITIONS = "$(inherited) DEBUG";
				SWIFT_ENABLE_EXPLICIT_MODULES = NO;
				USE_HERMES = true;
			};
			name = Debug;
		};
		83CBBA211A601CBA00E9B192 /* Release */ = {
			isa = XCBuildConfiguration;
			buildSettings = {
				ALWAYS_SEARCH_USER_PATHS = NO;
				CLANG_ANALYZER_LOCALIZABILITY_NONLOCALIZED = YES;
				CLANG_CXX_LANGUAGE_STANDARD = "c++20";
				CLANG_CXX_LIBRARY = "libc++";
				CLANG_ENABLE_MODULES = YES;
				CLANG_ENABLE_OBJC_ARC = YES;
				CLANG_WARN_BLOCK_CAPTURE_AUTORELEASING = YES;
				CLANG_WARN_BOOL_CONVERSION = YES;
				CLANG_WARN_COMMA = YES;
				CLANG_WARN_CONSTANT_CONVERSION = YES;
				CLANG_WARN_DEPRECATED_OBJC_IMPLEMENTATIONS = YES;
				CLANG_WARN_DIRECT_OBJC_ISA_USAGE = YES_ERROR;
				CLANG_WARN_EMPTY_BODY = YES;
				CLANG_WARN_ENUM_CONVERSION = YES;
				CLANG_WARN_INFINITE_RECURSION = YES;
				CLANG_WARN_INT_CONVERSION = YES;
				CLANG_WARN_NON_LITERAL_NULL_CONVERSION = YES;
				CLANG_WARN_OBJC_IMPLICIT_RETAIN_SELF = YES;
				CLANG_WARN_OBJC_LITERAL_CONVERSION = YES;
				CLANG_WARN_OBJC_ROOT_CLASS = YES_ERROR;
				CLANG_WARN_RANGE_LOOP_ANALYSIS = YES;
				CLANG_WARN_STRICT_PROTOTYPES = YES;
				CLANG_WARN_SUSPICIOUS_MOVE = YES;
				CLANG_WARN_UNREACHABLE_CODE = YES;
				CLANG_WARN__DUPLICATE_METHOD_MATCH = YES;
				"CODE_SIGN_IDENTITY[sdk=iphoneos*]" = "iPhone Developer";
				COPY_PHASE_STRIP = YES;
				ENABLE_NS_ASSERTIONS = NO;
				ENABLE_STRICT_OBJC_MSGSEND = YES;
				GCC_C_LANGUAGE_STANDARD = gnu99;
				GCC_NO_COMMON_BLOCKS = YES;
				GCC_WARN_64_TO_32_BIT_CONVERSION = YES;
				GCC_WARN_ABOUT_RETURN_TYPE = YES_ERROR;
				GCC_WARN_UNDECLARED_SELECTOR = YES;
				GCC_WARN_UNINITIALIZED_AUTOS = YES_AGGRESSIVE;
				GCC_WARN_UNUSED_FUNCTION = YES;
				GCC_WARN_UNUSED_VARIABLE = YES;
				IPHONEOS_DEPLOYMENT_TARGET = 15.1;
				LD_RUNPATH_SEARCH_PATHS = (
					/usr/lib/swift,
					"$(inherited)",
				);
				LIBRARY_SEARCH_PATHS = "$(SDKROOT)/usr/lib/swift\"$(inherited)\"";
				MTL_ENABLE_DEBUG_INFO = NO;
				OTHER_CFLAGS = "$(inherited)";
				OTHER_CPLUSPLUSFLAGS = "$(inherited)";
				REACT_NATIVE_PATH = "${PODS_ROOT}/../../node_modules/react-native";
				SDKROOT = iphoneos;
				SWIFT_ENABLE_EXPLICIT_MODULES = NO;
				USE_HERMES = true;
				VALIDATE_PRODUCT = YES;
			};
			name = Release;
		};
		A6B11B4B306442A2ABE28D21 /* Debug */ = {
			isa = XCBuildConfiguration;
			buildSettings = {
				CLANG_ENABLE_MODULES = YES;
				CODE_SIGN_ENTITLEMENTS = ShareExtension/ShareExtension.entitlements;
				CODE_SIGN_STYLE = Automatic;
				CURRENT_PROJECT_VERSION = 695;
				DEVELOPMENT_TEAM = S4W5Q2L53W;
				GCC_PREPROCESSOR_DEFINITIONS = (
					"DEBUG=1",
					"$(inherited)",
				);
				GENERATE_INFOPLIST_FILE = YES;
				INFOPLIST_FILE = "ShareExtension/ShareExtension-Info.plist";
				LD_RUNPATH_SEARCH_PATHS = (
					"$(inherited)",
					"@executable_path/Frameworks",
					"@executable_path/../../Frameworks",
				);
				MARKETING_VERSION = 2.1.2;
				OTHER_SWIFT_FLAGS = "$(inherited) -D EXPO_CONFIGURATION_DEBUG";
				PRODUCT_BUNDLE_IDENTIFIER = "com.bayaan.app.share-extension";
				PRODUCT_NAME = ShareExtension;
				SKIP_INSTALL = YES;
				SWIFT_EMIT_LOC_STRINGS = YES;
				SWIFT_VERSION = 5.0;
				TARGETED_DEVICE_FAMILY = "1,2";
			};
			name = Debug;
		};
		E916B0A154B0431E96F23963 /* Release */ = {
			isa = XCBuildConfiguration;
			buildSettings = {
				CLANG_ENABLE_MODULES = YES;
				CODE_SIGN_ENTITLEMENTS = ShareExtension/ShareExtension.entitlements;
				CODE_SIGN_STYLE = Automatic;
				CURRENT_PROJECT_VERSION = 695;
				DEVELOPMENT_TEAM = S4W5Q2L53W;
				GENERATE_INFOPLIST_FILE = YES;
				INFOPLIST_FILE = "ShareExtension/ShareExtension-Info.plist";
				LD_RUNPATH_SEARCH_PATHS = (
					"$(inherited)",
					"@executable_path/Frameworks",
					"@executable_path/../../Frameworks",
				);
				MARKETING_VERSION = 2.1.2;
				OTHER_SWIFT_FLAGS = "$(inherited) -D EXPO_CONFIGURATION_RELEASE";
				PRODUCT_BUNDLE_IDENTIFIER = "com.bayaan.app.share-extension";
				PRODUCT_NAME = ShareExtension;
				SKIP_INSTALL = YES;
				SWIFT_EMIT_LOC_STRINGS = YES;
				SWIFT_VERSION = 5.0;
				TARGETED_DEVICE_FAMILY = "1,2";
			};
			name = Release;
		};
		09A1FEA303F949B0AFD7537A /* Release */ = {
			isa = XCBuildConfiguration;
			baseConfigurationReference = 3D34C99E9D249E905B920121 /* Pods-ExpoWidgetsTarget.release.xcconfig */;
			buildSettings = {
				APPLICATION_EXTENSION_API_ONLY = YES;
				CODE_SIGN_ENTITLEMENTS = ExpoWidgetsTarget/ExpoWidgetsTarget.entitlements;
				CURRENT_PROJECT_VERSION = 598;
				GENERATE_INFOPLIST_FILE = YES;
				INFOPLIST_FILE = ExpoWidgetsTarget/Info.plist;
				INFOPLIST_KEY_CFBundleDisplayName = ExpoWidgetsTarget;
				INFOPLIST_KEY_NSHumanReadableCopyright = "";
				IPHONEOS_DEPLOYMENT_TARGET = 16.2;
				MARKETING_VERSION = 2.1.1;
				OTHER_SWIFT_FLAGS = "$(inherited) -D EXPO_CONFIGURATION_RELEASE";
				PRODUCT_BUNDLE_IDENTIFIER = com.bayaan.app.ExpoWidgetsTarget;
				PRODUCT_NAME = "$(TARGET_NAME)";
				SWIFT_OPTIMIZATION_LEVEL = "-Onone";
				SWIFT_VERSION = 5.0;
				TARGETED_DEVICE_FAMILY = "1,2";
			};
			name = Release;
		};
		5524D5D69F844CD2A7ECC64C /* Debug */ = {
			isa = XCBuildConfiguration;
			baseConfigurationReference = E703A9B776164B55FFF532AE /* Pods-ExpoWidgetsTarget.debug.xcconfig */;
			buildSettings = {
				APPLICATION_EXTENSION_API_ONLY = YES;
				CODE_SIGN_ENTITLEMENTS = ExpoWidgetsTarget/ExpoWidgetsTarget.entitlements;
				CURRENT_PROJECT_VERSION = 598;
				GENERATE_INFOPLIST_FILE = YES;
				INFOPLIST_FILE = ExpoWidgetsTarget/Info.plist;
				INFOPLIST_KEY_CFBundleDisplayName = ExpoWidgetsTarget;
				INFOPLIST_KEY_NSHumanReadableCopyright = "";
				IPHONEOS_DEPLOYMENT_TARGET = 16.2;
				MARKETING_VERSION = 2.1.1;
				OTHER_SWIFT_FLAGS = "$(inherited) -D EXPO_CONFIGURATION_DEBUG";
				PRODUCT_BUNDLE_IDENTIFIER = com.bayaan.app.ExpoWidgetsTarget;
				PRODUCT_NAME = "$(TARGET_NAME)";
				SWIFT_OPTIMIZATION_LEVEL = "-Onone";
				SWIFT_VERSION = 5.0;
				TARGETED_DEVICE_FAMILY = "1,2";
			};
			name = Debug;
		};
/* End XCBuildConfiguration section */

/* Begin XCConfigurationList section */
		13B07F931A680F5B00A75B9A /* Build configuration list for PBXNativeTarget "Bayaan" */ = {
			isa = XCConfigurationList;
			buildConfigurations = (
				13B07F941A680F5B00A75B9A /* Debug */,
				13B07F951A680F5B00A75B9A /* Release */,
			);
			defaultConfigurationIsVisible = 0;
			defaultConfigurationName = Release;
		};
		7131BBEDBEFB4BE880F71B98 /* Build configuration list for PBXNativeTarget "ShareExtension" */ = {
			isa = XCConfigurationList;
			buildConfigurations = (
				A6B11B4B306442A2ABE28D21 /* Debug */,
				E916B0A154B0431E96F23963 /* Release */,
			);
			defaultConfigurationIsVisible = 0;
			defaultConfigurationName = Release;
		};
		83CBB9FA1A601CBA00E9B192 /* Build configuration list for PBXProject "Bayaan" */ = {
			isa = XCConfigurationList;
			buildConfigurations = (
				83CBBA201A601CBA00E9B192 /* Debug */,
				83CBBA211A601CBA00E9B192 /* Release */,
			);
			defaultConfigurationIsVisible = 0;
			defaultConfigurationName = Release;
		};
		A2EE7102DB3A4CF59196B2C2 /* Build configuration list for PBXNativeTarget "ExpoWidgetsTarget" */ = {
			isa = XCConfigurationList;
			buildConfigurations = (
				5524D5D69F844CD2A7ECC64C /* Debug */,
				09A1FEA303F949B0AFD7537A /* Release */,
			);
			defaultConfigurationIsVisible = 0;
			defaultConfigurationName = Release;
		};
/* End XCConfigurationList section */
	};
	rootObject = 83CBB9F71A601CBA00E9B192 /* Project object */;
}
